{
  "projects": [
    {
      "projectId": "caTPwKxj5ZrD9LQ7DMdK4Z",
      "version": "2.2.1",
      "dependencies": {},
      "lang": "ts",
      "fileLocks": [
        {
          "type": "globalVariant",
          "assetId": "q2e6W8ulGYz",
          "checksum": "c0cddb7dd09c65236628d522d52af1a3"
        },
        {
          "assetId": "caTPwKxj5ZrD9LQ7DMdK4Z",
          "type": "projectCss",
          "checksum": "d6a43863a84e3fba8cecc0da82756ed7"
        }
      ],
      "codegenVersion": "0.0.1"
    },
    {
      "projectId": "jRkyHyW5xUgunu5SjYQV4L",
      "version": "latest",
      "dependencies": {
        "caTPwKxj5ZrD9LQ7DMdK4Z": "2.2.1"
      },
      "lang": "ts",
      "fileLocks": [
        {
          "type": "globalVariant",
          "assetId": "WXZa1AL8yWO7K",
          "checksum": "0caae713d6e12832832786ddcb22bd25"
        },
        {
          "type": "renderModule",
          "assetId": "L26Nao6P2lck",
          "checksum": "26def05b758ed2acb3a14371929f4524"
        },
        {
          "type": "cssRules",
          "assetId": "L26Nao6P2lck",
          "checksum": "26def05b758ed2acb3a14371929f4524"
        },
        {
          "type": "renderModule",
          "assetId": "rxt-Sw-2gx7",
          "checksum": "999826d5b2815cab917e148af602f212"
        },
        {
          "type": "cssRules",
          "assetId": "rxt-Sw-2gx7",
          "checksum": "999826d5b2815cab917e148af602f212"
        },
        {
          "type": "renderModule",
          "assetId": "JICtSQ_fSV",
          "checksum": "28f7c8a13ac3a4ee31714291a9f83377"
        },
        {
          "type": "cssRules",
          "assetId": "JICtSQ_fSV",
          "checksum": "28f7c8a13ac3a4ee31714291a9f83377"
        },
        {
          "type": "renderModule",
          "assetId": "lyekaetmXI",
          "checksum": "9851178573f56b173d604d134263159e"
        },
        {
          "type": "cssRules",
          "assetId": "lyekaetmXI",
          "checksum": "9851178573f56b173d604d134263159e"
        },
        {
          "type": "renderModule",
          "assetId": "QxLaN1qoTo",
          "checksum": "c9bb5896a3301cada036fa59b2ff9813"
        },
        {
          "type": "cssRules",
          "assetId": "QxLaN1qoTo",
          "checksum": "c9bb5896a3301cada036fa59b2ff9813"
        },
        {
          "type": "renderModule",
          "assetId": "-k3H9wKgmJ",
          "checksum": "e6dea37d5e201323022968aa33d261c5"
        },
        {
          "type": "cssRules",
          "assetId": "-k3H9wKgmJ",
          "checksum": "e6dea37d5e201323022968aa33d261c5"
        },
        {
          "type": "renderModule",
          "assetId": "Re5_tLOhF_",
          "checksum": "a54a399aa8b102f51c50cb749c49fed1"
        },
        {
          "type": "cssRules",
          "assetId": "Re5_tLOhF_",
          "checksum": "a54a399aa8b102f51c50cb749c49fed1"
        },
        {
          "type": "renderModule",
          "assetId": "xjiy3g2Skn",
          "checksum": "d08df8f38396c9c9a77a2633e7bb8bff"
        },
        {
          "type": "cssRules",
          "assetId": "xjiy3g2Skn",
          "checksum": "d08df8f38396c9c9a77a2633e7bb8bff"
        },
        {
          "type": "renderModule",
          "assetId": "CWMxFnAAun",
          "checksum": "f00a0a6707d1a392a37ca8dfdf53b10e"
        },
        {
          "type": "cssRules",
          "assetId": "CWMxFnAAun",
          "checksum": "f00a0a6707d1a392a37ca8dfdf53b10e"
        },
        {
          "type": "renderModule",
          "assetId": "1WJG8XuDtI",
          "checksum": "41dc32ceb0dd51eba2b27e82695f3ac8"
        },
        {
          "type": "cssRules",
          "assetId": "1WJG8XuDtI",
          "checksum": "41dc32ceb0dd51eba2b27e82695f3ac8"
        },
        {
          "type": "renderModule",
          "assetId": "OGD7Ufmsky",
          "checksum": "8c3da0a95ffcd156e7420e7f44958323"
        },
        {
          "type": "cssRules",
          "assetId": "OGD7Ufmsky",
          "checksum": "8c3da0a95ffcd156e7420e7f44958323"
        },
        {
          "type": "renderModule",
          "assetId": "qSNyjdcQiS",
          "checksum": "346a494d75a4b0e587eeeb3d4ad4c066"
        },
        {
          "type": "cssRules",
          "assetId": "qSNyjdcQiS",
          "checksum": "346a494d75a4b0e587eeeb3d4ad4c066"
        },
        {
          "type": "renderModule",
          "assetId": "JSMOwwEprH",
          "checksum": "cd10c1e615b89ddc47c798384afe2819"
        },
        {
          "type": "cssRules",
          "assetId": "JSMOwwEprH",
          "checksum": "cd10c1e615b89ddc47c798384afe2819"
        },
        {
          "type": "icon",
          "assetId": "KjLvVitG7_lci",
          "checksum": "b042903deaaf0b2a834fd6f666bb465e"
        },
        {
          "type": "icon",
          "assetId": "tuUpXYrxOe22l",
          "checksum": "89e82c98ce96c9dc2b03d358f5fefb4b"
        },
        {
          "type": "icon",
          "assetId": "XhhsX1TD8",
          "checksum": "0555dff641318712fa714765b613aa8c"
        },
        {
          "type": "icon",
          "assetId": "_ZTB853Ot",
          "checksum": "7851628fa92d63a0fbf06672c054d023"
        },
        {
          "type": "icon",
          "assetId": "4HSa94c-d",
          "checksum": "803d774e7d22be8e9cb48a1b4285a00d"
        },
        {
          "type": "icon",
          "assetId": "l4LGT0VjqAm",
          "checksum": "3cd6ad1997384935faaa600dca79de77"
        },
        {
          "type": "icon",
          "assetId": "_2cP8T_P8rk",
          "checksum": "99d768bb2dd51f51c2b3160dcff8b903"
        },
        {
          "type": "icon",
          "assetId": "S-Yq0rCjv",
          "checksum": "48bf1c05d76c39a5d15e05a96a86a25a"
        },
        {
          "type": "icon",
          "assetId": "LasG_6JBK",
          "checksum": "16ef3d5c0e5169626c40ac198cec08a8"
        },
        {
          "type": "icon",
          "assetId": "U1mSvVSj2",
          "checksum": "d9f5b4ca082b7420e8b6360ee4c57cf0"
        },
        {
          "type": "icon",
          "assetId": "K0O_HVvPM",
          "checksum": "f279ce4dfdf8190b8bc9bf128e320f9b"
        },
        {
          "type": "icon",
          "assetId": "BYuADTFPQ",
          "checksum": "a5083c2a6b91bb73cd3a2bf3ee6337c2"
        },
        {
          "type": "icon",
          "assetId": "JSSAWsoyA",
          "checksum": "5968289cf8bde78261dd4f1001c02f4a"
        },
        {
          "type": "icon",
          "assetId": "oiNr7JnGp",
          "checksum": "9ade3c7a63ece141ec576cf93eb5e184"
        },
        {
          "type": "icon",
          "assetId": "FQZ240wht",
          "checksum": "e20284aef6ac964976a001682eb1e048"
        },
        {
          "type": "icon",
          "assetId": "R2OFeL2RR",
          "checksum": "03afe203446340597b2cd03baf551b33"
        },
        {
          "type": "image",
          "assetId": "HV0TtdK6c",
          "checksum": "a69d522b3d655c79ea98e870747daa6f"
        },
        {
          "type": "renderModule",
          "assetId": "cpDlPT0ZyV",
          "checksum": "8b2eeef409dd22bcf6fd70e3be19d6eb"
        },
        {
          "type": "cssRules",
          "assetId": "cpDlPT0ZyV",
          "checksum": "8b2eeef409dd22bcf6fd70e3be19d6eb"
        },
        {
          "type": "renderModule",
          "assetId": "o5Ls4w0zR6f",
          "checksum": "f4754420518bbaf9267df684dfd6dd98"
        },
        {
          "type": "cssRules",
          "assetId": "o5Ls4w0zR6f",
          "checksum": "f4754420518bbaf9267df684dfd6dd98"
        },
        {
          "type": "renderModule",
          "assetId": "_WwHrFAavc_",
          "checksum": "2ac869c33ba28359a3f1db3debc7edc5"
        },
        {
          "type": "cssRules",
          "assetId": "_WwHrFAavc_",
          "checksum": "2ac869c33ba28359a3f1db3debc7edc5"
        },
        {
          "type": "renderModule",
          "assetId": "qBVjqzeCH3",
          "checksum": "2496dce3622b40223801f2d930254a30"
        },
        {
          "type": "cssRules",
          "assetId": "qBVjqzeCH3",
          "checksum": "2496dce3622b40223801f2d930254a30"
        },
        {
          "type": "renderModule",
          "assetId": "zBFHKM6h0o",
          "checksum": "86cedd93518c4153897caa7cd3dd7d8b"
        },
        {
          "type": "cssRules",
          "assetId": "zBFHKM6h0o",
          "checksum": "86cedd93518c4153897caa7cd3dd7d8b"
        },
        {
          "type": "renderModule",
          "assetId": "CiaLAP-GDH",
          "checksum": "86ca5cfe298c7ddd27ab9dfad419adcc"
        },
        {
          "type": "cssRules",
          "assetId": "CiaLAP-GDH",
          "checksum": "86ca5cfe298c7ddd27ab9dfad419adcc"
        },
        {
          "type": "renderModule",
          "assetId": "gV8AL87UaM",
          "checksum": "1578b07b8af049c4bc632dba65465902"
        },
        {
          "type": "cssRules",
          "assetId": "gV8AL87UaM",
          "checksum": "1578b07b8af049c4bc632dba65465902"
        },
        {
          "type": "renderModule",
          "assetId": "elLQBcgJLt",
          "checksum": "f4cb255439548ad36d04ddcd0adcd4a3"
        },
        {
          "type": "cssRules",
          "assetId": "elLQBcgJLt",
          "checksum": "f4cb255439548ad36d04ddcd0adcd4a3"
        },
        {
          "type": "renderModule",
          "assetId": "8wqo5dR4Ju",
          "checksum": "cf55a7be9eec3fb96783201afb648e69"
        },
        {
          "type": "cssRules",
          "assetId": "8wqo5dR4Ju",
          "checksum": "cf55a7be9eec3fb96783201afb648e69"
        },
        {
          "type": "renderModule",
          "assetId": "MI7mn027y9",
          "checksum": "b4d3a609e0c03c18ace3972c7b2ba7d4"
        },
        {
          "type": "cssRules",
          "assetId": "MI7mn027y9",
          "checksum": "b4d3a609e0c03c18ace3972c7b2ba7d4"
        },
        {
          "type": "renderModule",
          "assetId": "IV-WZpF1r4d",
          "checksum": "8130db61646f905b3b2ca49554e0022b"
        },
        {
          "type": "cssRules",
          "assetId": "IV-WZpF1r4d",
          "checksum": "8130db61646f905b3b2ca49554e0022b"
        },
        {
          "type": "renderModule",
          "assetId": "7Rffnmy82g",
          "checksum": "1edeac201bb5598f415f2d459a5efbe4"
        },
        {
          "type": "cssRules",
          "assetId": "7Rffnmy82g",
          "checksum": "1edeac201bb5598f415f2d459a5efbe4"
        },
        {
          "type": "icon",
          "assetId": "46Q3WDqRYdO",
          "checksum": "36ac0a4ecabc2f2fc37f78f5170526c8"
        },
        {
          "assetId": "jRkyHyW5xUgunu5SjYQV4L",
          "type": "projectCss",
          "checksum": "b92017521edb813d1ad20c1668080636"
        }
      ],
      "codegenVersion": "0.0.1"
    }
  ],
  "cliVersion": "0.1.174"
}
