{
  "projects": [
    {
      "projectId": "caTPwKxj5ZrD9LQ7DMdK4Z",
      "version": "2.2.1",
      "dependencies": {},
      "lang": "ts",
      "fileLocks": [
        {
          "type": "globalVariant",
          "assetId": "q2e6W8ulGYz",
          "checksum": "c0cddb7dd09c65236628d522d52af1a3"
        },
        {
          "assetId": "caTPwKxj5ZrD9LQ7DMdK4Z",
          "type": "projectCss",
          "checksum": "d6a43863a84e3fba8cecc0da82756ed7"
        }
      ],
      "codegenVersion": "0.0.1"
    },
    {
      "projectId": "jRkyHyW5xUgunu5SjYQV4L",
      "version": "latest",
      "dependencies": {
        "caTPwKxj5ZrD9LQ7DMdK4Z": "2.2.1"
      },
      "lang": "ts",
      "fileLocks": [
        {
          "type": "globalVariant",
          "assetId": "WXZa1AL8yWO7K",
          "checksum": "0caae713d6e12832832786ddcb22bd25"
        },
        {
          "type": "globalVariant",
          "assetId": "VsyhYsfbuU",
          "checksum": "521cd8fb709f93ecf7115a9aa4ce5476"
        },
        {
          "assetId": "jRkyHyW5xUgunu5SjYQV4L",
          "type": "projectCss",
          "checksum": "edc9d9cedf4b6d9bea176f0ae29e1c59"
        },
        {
          "type": "renderModule",
          "assetId": "L26Nao6P2lck",
          "checksum": "4f62f31b8d0928fad57df40ec17f36d6"
        },
        {
          "type": "cssRules",
          "assetId": "L26Nao6P2lck",
          "checksum": "4f62f31b8d0928fad57df40ec17f36d6"
        },
        {
          "type": "renderModule",
          "assetId": "rxt-Sw-2gx7",
          "checksum": "999826d5b2815cab917e148af602f212"
        },
        {
          "type": "cssRules",
          "assetId": "rxt-Sw-2gx7",
          "checksum": "999826d5b2815cab917e148af602f212"
        },
        {
          "type": "renderModule",
          "assetId": "JICtSQ_fSV",
          "checksum": "28f7c8a13ac3a4ee31714291a9f83377"
        },
        {
          "type": "cssRules",
          "assetId": "JICtSQ_fSV",
          "checksum": "28f7c8a13ac3a4ee31714291a9f83377"
        },
        {
          "type": "renderModule",
          "assetId": "lyekaetmXI",
          "checksum": "43c62bed88ebdd33ec81d26881a60c7d"
        },
        {
          "type": "cssRules",
          "assetId": "lyekaetmXI",
          "checksum": "43c62bed88ebdd33ec81d26881a60c7d"
        },
        {
          "type": "renderModule",
          "assetId": "QxLaN1qoTo",
          "checksum": "be5b004291db5cd9cfdefab48f3e765d"
        },
        {
          "type": "cssRules",
          "assetId": "QxLaN1qoTo",
          "checksum": "be5b004291db5cd9cfdefab48f3e765d"
        },
        {
          "type": "renderModule",
          "assetId": "-k3H9wKgmJ",
          "checksum": "80cc4f15b24ba9ec7f51e33d9cd15728"
        },
        {
          "type": "cssRules",
          "assetId": "-k3H9wKgmJ",
          "checksum": "80cc4f15b24ba9ec7f51e33d9cd15728"
        },
        {
          "type": "renderModule",
          "assetId": "Re5_tLOhF_",
          "checksum": "91be66c19d89d0159e74865ec15a32d1"
        },
        {
          "type": "cssRules",
          "assetId": "Re5_tLOhF_",
          "checksum": "91be66c19d89d0159e74865ec15a32d1"
        },
        {
          "type": "renderModule",
          "assetId": "xjiy3g2Skn",
          "checksum": "ccc34819e0595bc3cb747013332bfda9"
        },
        {
          "type": "cssRules",
          "assetId": "xjiy3g2Skn",
          "checksum": "ccc34819e0595bc3cb747013332bfda9"
        },
        {
          "type": "renderModule",
          "assetId": "CWMxFnAAun",
          "checksum": "28ec6e8dd5576a87a2b0791a10a93a7e"
        },
        {
          "type": "cssRules",
          "assetId": "CWMxFnAAun",
          "checksum": "28ec6e8dd5576a87a2b0791a10a93a7e"
        },
        {
          "type": "renderModule",
          "assetId": "1WJG8XuDtI",
          "checksum": "b780bbf386a8ceb370b928bf67c9b2c6"
        },
        {
          "type": "cssRules",
          "assetId": "1WJG8XuDtI",
          "checksum": "b780bbf386a8ceb370b928bf67c9b2c6"
        },
        {
          "type": "renderModule",
          "assetId": "OGD7Ufmsky",
          "checksum": "21e4111846c57be11fad9b251275721a"
        },
        {
          "type": "cssRules",
          "assetId": "OGD7Ufmsky",
          "checksum": "21e4111846c57be11fad9b251275721a"
        },
        {
          "type": "renderModule",
          "assetId": "qSNyjdcQiS",
          "checksum": "03d14d74dbb3f93c7228a079a4c5ec64"
        },
        {
          "type": "cssRules",
          "assetId": "qSNyjdcQiS",
          "checksum": "03d14d74dbb3f93c7228a079a4c5ec64"
        },
        {
          "type": "renderModule",
          "assetId": "JSMOwwEprH",
          "checksum": "39a9da33556a210d058564fb6c1146b3"
        },
        {
          "type": "cssRules",
          "assetId": "JSMOwwEprH",
          "checksum": "39a9da33556a210d058564fb6c1146b3"
        },
        {
          "type": "icon",
          "assetId": "KjLvVitG7_lci",
          "checksum": "b042903deaaf0b2a834fd6f666bb465e"
        },
        {
          "type": "icon",
          "assetId": "tuUpXYrxOe22l",
          "checksum": "89e82c98ce96c9dc2b03d358f5fefb4b"
        },
        {
          "type": "icon",
          "assetId": "XhhsX1TD8",
          "checksum": "0555dff641318712fa714765b613aa8c"
        },
        {
          "type": "icon",
          "assetId": "_ZTB853Ot",
          "checksum": "7851628fa92d63a0fbf06672c054d023"
        },
        {
          "type": "icon",
          "assetId": "4HSa94c-d",
          "checksum": "803d774e7d22be8e9cb48a1b4285a00d"
        },
        {
          "type": "icon",
          "assetId": "l4LGT0VjqAm",
          "checksum": "3cd6ad1997384935faaa600dca79de77"
        },
        {
          "type": "icon",
          "assetId": "_2cP8T_P8rk",
          "checksum": "99d768bb2dd51f51c2b3160dcff8b903"
        },
        {
          "type": "icon",
          "assetId": "S-Yq0rCjv",
          "checksum": "48bf1c05d76c39a5d15e05a96a86a25a"
        },
        {
          "type": "icon",
          "assetId": "LasG_6JBK",
          "checksum": "16ef3d5c0e5169626c40ac198cec08a8"
        },
        {
          "type": "icon",
          "assetId": "U1mSvVSj2",
          "checksum": "d9f5b4ca082b7420e8b6360ee4c57cf0"
        },
        {
          "type": "icon",
          "assetId": "K0O_HVvPM",
          "checksum": "f279ce4dfdf8190b8bc9bf128e320f9b"
        },
        {
          "type": "icon",
          "assetId": "BYuADTFPQ",
          "checksum": "a5083c2a6b91bb73cd3a2bf3ee6337c2"
        },
        {
          "type": "icon",
          "assetId": "JSSAWsoyA",
          "checksum": "5968289cf8bde78261dd4f1001c02f4a"
        },
        {
          "type": "icon",
          "assetId": "oiNr7JnGp",
          "checksum": "9ade3c7a63ece141ec576cf93eb5e184"
        },
        {
          "type": "icon",
          "assetId": "FQZ240wht",
          "checksum": "e20284aef6ac964976a001682eb1e048"
        },
        {
          "type": "icon",
          "assetId": "R2OFeL2RR",
          "checksum": "03afe203446340597b2cd03baf551b33"
        },
        {
          "type": "image",
          "assetId": "HV0TtdK6c",
          "checksum": "a69d522b3d655c79ea98e870747daa6f"
        }
      ],
      "codegenVersion": "0.0.1"
    }
  ],
  "cliVersion": "0.1.174"
}
