{
  "projects": [
    {
      "projectId": "caTPwKxj5ZrD9LQ7DMdK4Z",
      "version": "2.2.1",
      "dependencies": {},
      "lang": "ts",
      "fileLocks": [
        {
          "type": "globalVariant",
          "assetId": "q2e6W8ulGYz",
          "checksum": "c0cddb7dd09c65236628d522d52af1a3"
        },
        {
          "assetId": "caTPwKxj5ZrD9LQ7DMdK4Z",
          "type": "projectCss",
          "checksum": "d6a43863a84e3fba8cecc0da82756ed7"
        }
      ],
      "codegenVersion": "0.0.1"
    },
    {
      "projectId": "jRkyHyW5xUgunu5SjYQV4L",
      "version": "latest",
      "dependencies": {
        "caTPwKxj5ZrD9LQ7DMdK4Z": "2.2.1"
      },
      "lang": "ts",
      "fileLocks": [
        {
          "type": "globalVariant",
          "assetId": "WXZa1AL8yWO7K",
          "checksum": "0caae713d6e12832832786ddcb22bd25"
        },
        {
          "type": "renderModule",
          "assetId": "L26Nao6P2lck",
          "checksum": "0ab9c7595f7379961583b147ea59256f"
        },
        {
          "type": "cssRules",
          "assetId": "L26Nao6P2lck",
          "checksum": "0ab9c7595f7379961583b147ea59256f"
        },
        {
          "type": "renderModule",
          "assetId": "rxt-Sw-2gx7",
          "checksum": "0d323304c40bfa994f528b8ea8f6cbea"
        },
        {
          "type": "cssRules",
          "assetId": "rxt-Sw-2gx7",
          "checksum": "0d323304c40bfa994f528b8ea8f6cbea"
        },
        {
          "type": "renderModule",
          "assetId": "JICtSQ_fSV",
          "checksum": "7f1e7e351f6621a9e78490b16d523fc8"
        },
        {
          "type": "cssRules",
          "assetId": "JICtSQ_fSV",
          "checksum": "7f1e7e351f6621a9e78490b16d523fc8"
        },
        {
          "type": "renderModule",
          "assetId": "lyekaetmXI",
          "checksum": "ac9ece02756af603163df839e808673c"
        },
        {
          "type": "cssRules",
          "assetId": "lyekaetmXI",
          "checksum": "ac9ece02756af603163df839e808673c"
        },
        {
          "type": "renderModule",
          "assetId": "QxLaN1qoTo",
          "checksum": "d8b291433685d8cf0e4a187b329feedb"
        },
        {
          "type": "cssRules",
          "assetId": "QxLaN1qoTo",
          "checksum": "d8b291433685d8cf0e4a187b329feedb"
        },
        {
          "type": "renderModule",
          "assetId": "-k3H9wKgmJ",
          "checksum": "4a2a0062d228ab04b6c4964e7bb393b5"
        },
        {
          "type": "cssRules",
          "assetId": "-k3H9wKgmJ",
          "checksum": "4a2a0062d228ab04b6c4964e7bb393b5"
        },
        {
          "type": "renderModule",
          "assetId": "Re5_tLOhF_",
          "checksum": "216f0e3d402be42fd634e528b72818d0"
        },
        {
          "type": "cssRules",
          "assetId": "Re5_tLOhF_",
          "checksum": "216f0e3d402be42fd634e528b72818d0"
        },
        {
          "type": "renderModule",
          "assetId": "xjiy3g2Skn",
          "checksum": "93a7b3dcd4589c44e64c274041e0b036"
        },
        {
          "type": "cssRules",
          "assetId": "xjiy3g2Skn",
          "checksum": "93a7b3dcd4589c44e64c274041e0b036"
        },
        {
          "type": "renderModule",
          "assetId": "CWMxFnAAun",
          "checksum": "f00a0a6707d1a392a37ca8dfdf53b10e"
        },
        {
          "type": "cssRules",
          "assetId": "CWMxFnAAun",
          "checksum": "f00a0a6707d1a392a37ca8dfdf53b10e"
        },
        {
          "type": "renderModule",
          "assetId": "1WJG8XuDtI",
          "checksum": "41a15541c5b3cf8aa278312348bb6fef"
        },
        {
          "type": "cssRules",
          "assetId": "1WJG8XuDtI",
          "checksum": "41a15541c5b3cf8aa278312348bb6fef"
        },
        {
          "type": "renderModule",
          "assetId": "OGD7Ufmsky",
          "checksum": "18eb78225dc0d89a4e52c06a6ea176a9"
        },
        {
          "type": "cssRules",
          "assetId": "OGD7Ufmsky",
          "checksum": "18eb78225dc0d89a4e52c06a6ea176a9"
        },
        {
          "type": "renderModule",
          "assetId": "qSNyjdcQiS",
          "checksum": "a3e4ea491087a237f089ec576f6b3aa2"
        },
        {
          "type": "cssRules",
          "assetId": "qSNyjdcQiS",
          "checksum": "a3e4ea491087a237f089ec576f6b3aa2"
        },
        {
          "type": "renderModule",
          "assetId": "JSMOwwEprH",
          "checksum": "c7c16d55412757369451579648b3ebce"
        },
        {
          "type": "cssRules",
          "assetId": "JSMOwwEprH",
          "checksum": "c7c16d55412757369451579648b3ebce"
        },
        {
          "type": "icon",
          "assetId": "KjLvVitG7_lci",
          "checksum": "b042903deaaf0b2a834fd6f666bb465e"
        },
        {
          "type": "icon",
          "assetId": "tuUpXYrxOe22l",
          "checksum": "89e82c98ce96c9dc2b03d358f5fefb4b"
        },
        {
          "type": "icon",
          "assetId": "XhhsX1TD8",
          "checksum": "0555dff641318712fa714765b613aa8c"
        },
        {
          "type": "icon",
          "assetId": "_ZTB853Ot",
          "checksum": "7851628fa92d63a0fbf06672c054d023"
        },
        {
          "type": "icon",
          "assetId": "4HSa94c-d",
          "checksum": "803d774e7d22be8e9cb48a1b4285a00d"
        },
        {
          "type": "icon",
          "assetId": "l4LGT0VjqAm",
          "checksum": "3cd6ad1997384935faaa600dca79de77"
        },
        {
          "type": "icon",
          "assetId": "_2cP8T_P8rk",
          "checksum": "99d768bb2dd51f51c2b3160dcff8b903"
        },
        {
          "type": "icon",
          "assetId": "S-Yq0rCjv",
          "checksum": "48bf1c05d76c39a5d15e05a96a86a25a"
        },
        {
          "type": "icon",
          "assetId": "LasG_6JBK",
          "checksum": "16ef3d5c0e5169626c40ac198cec08a8"
        },
        {
          "type": "icon",
          "assetId": "U1mSvVSj2",
          "checksum": "d9f5b4ca082b7420e8b6360ee4c57cf0"
        },
        {
          "type": "icon",
          "assetId": "K0O_HVvPM",
          "checksum": "f279ce4dfdf8190b8bc9bf128e320f9b"
        },
        {
          "type": "icon",
          "assetId": "BYuADTFPQ",
          "checksum": "a5083c2a6b91bb73cd3a2bf3ee6337c2"
        },
        {
          "type": "icon",
          "assetId": "JSSAWsoyA",
          "checksum": "5968289cf8bde78261dd4f1001c02f4a"
        },
        {
          "type": "icon",
          "assetId": "oiNr7JnGp",
          "checksum": "9ade3c7a63ece141ec576cf93eb5e184"
        },
        {
          "type": "icon",
          "assetId": "FQZ240wht",
          "checksum": "e20284aef6ac964976a001682eb1e048"
        },
        {
          "type": "icon",
          "assetId": "R2OFeL2RR",
          "checksum": "03afe203446340597b2cd03baf551b33"
        },
        {
          "type": "image",
          "assetId": "HV0TtdK6c",
          "checksum": "a69d522b3d655c79ea98e870747daa6f"
        },
        {
          "type": "renderModule",
          "assetId": "cpDlPT0ZyV",
          "checksum": "13f9261707d1f8782368a4ab64b6d56c"
        },
        {
          "type": "cssRules",
          "assetId": "cpDlPT0ZyV",
          "checksum": "13f9261707d1f8782368a4ab64b6d56c"
        },
        {
          "type": "renderModule",
          "assetId": "o5Ls4w0zR6f",
          "checksum": "3ce38bbcd2a3bcd222dd36f94e710373"
        },
        {
          "type": "cssRules",
          "assetId": "o5Ls4w0zR6f",
          "checksum": "3ce38bbcd2a3bcd222dd36f94e710373"
        },
        {
          "type": "renderModule",
          "assetId": "_WwHrFAavc_",
          "checksum": "e09e1013d7976cb1d9d1aa25a651f813"
        },
        {
          "type": "cssRules",
          "assetId": "_WwHrFAavc_",
          "checksum": "e09e1013d7976cb1d9d1aa25a651f813"
        },
        {
          "type": "renderModule",
          "assetId": "qBVjqzeCH3",
          "checksum": "c48c8ed2cbe9e6736f8687fb8bae0d95"
        },
        {
          "type": "cssRules",
          "assetId": "qBVjqzeCH3",
          "checksum": "c48c8ed2cbe9e6736f8687fb8bae0d95"
        },
        {
          "type": "renderModule",
          "assetId": "zBFHKM6h0o",
          "checksum": "ca7edf49e941ac2f01c202ba59569113"
        },
        {
          "type": "cssRules",
          "assetId": "zBFHKM6h0o",
          "checksum": "ca7edf49e941ac2f01c202ba59569113"
        },
        {
          "type": "renderModule",
          "assetId": "CiaLAP-GDH",
          "checksum": "9066639792974f61e4e7513534ec112d"
        },
        {
          "type": "cssRules",
          "assetId": "CiaLAP-GDH",
          "checksum": "9066639792974f61e4e7513534ec112d"
        },
        {
          "type": "renderModule",
          "assetId": "gV8AL87UaM",
          "checksum": "360e22e73aad40cf0f95240ee67b2cff"
        },
        {
          "type": "cssRules",
          "assetId": "gV8AL87UaM",
          "checksum": "360e22e73aad40cf0f95240ee67b2cff"
        },
        {
          "type": "renderModule",
          "assetId": "elLQBcgJLt",
          "checksum": "a2acfdd60b56051511987cdf6106bf12"
        },
        {
          "type": "cssRules",
          "assetId": "elLQBcgJLt",
          "checksum": "a2acfdd60b56051511987cdf6106bf12"
        },
        {
          "type": "renderModule",
          "assetId": "8wqo5dR4Ju",
          "checksum": "a611b483f71a630770200c5202278e58"
        },
        {
          "type": "cssRules",
          "assetId": "8wqo5dR4Ju",
          "checksum": "a611b483f71a630770200c5202278e58"
        },
        {
          "type": "renderModule",
          "assetId": "MI7mn027y9",
          "checksum": "905ecc497b3b21b4629036233e9bd931"
        },
        {
          "type": "cssRules",
          "assetId": "MI7mn027y9",
          "checksum": "905ecc497b3b21b4629036233e9bd931"
        },
        {
          "type": "renderModule",
          "assetId": "IV-WZpF1r4d",
          "checksum": "3a700f8d629ce4de25360bfd1f32f397"
        },
        {
          "type": "cssRules",
          "assetId": "IV-WZpF1r4d",
          "checksum": "3a700f8d629ce4de25360bfd1f32f397"
        },
        {
          "type": "renderModule",
          "assetId": "7Rffnmy82g",
          "checksum": "76116710bb12ae00cc84d383e4749cd5"
        },
        {
          "type": "cssRules",
          "assetId": "7Rffnmy82g",
          "checksum": "76116710bb12ae00cc84d383e4749cd5"
        },
        {
          "type": "icon",
          "assetId": "46Q3WDqRYdO",
          "checksum": "36ac0a4ecabc2f2fc37f78f5170526c8"
        },
        {
          "type": "renderModule",
          "assetId": "L8yNVAnNLS",
          "checksum": "5b12d229b4be444a46b73714e98897be"
        },
        {
          "type": "cssRules",
          "assetId": "L8yNVAnNLS",
          "checksum": "5b12d229b4be444a46b73714e98897be"
        },
        {
          "type": "renderModule",
          "assetId": "okur83wpGri",
          "checksum": "777f6a1032c1ec4d0298f25df07c8e5c"
        },
        {
          "type": "cssRules",
          "assetId": "okur83wpGri",
          "checksum": "777f6a1032c1ec4d0298f25df07c8e5c"
        },
        {
          "type": "renderModule",
          "assetId": "sp9sQOJfZkb",
          "checksum": "4bfa349bff1fc728e24c171716f70a96"
        },
        {
          "type": "cssRules",
          "assetId": "sp9sQOJfZkb",
          "checksum": "4bfa349bff1fc728e24c171716f70a96"
        },
        {
          "assetId": "jRkyHyW5xUgunu5SjYQV4L",
          "type": "projectCss",
          "checksum": "841a5c8f6ab0e368f8a2785b72ba6883"
        }
      ],
      "codegenVersion": "0.0.1"
    }
  ],
  "cliVersion": "0.1.174"
}
